
Microsoft Visual Studio Solution File, Format Version 12.00
# Visual Studio Version 16
VisualStudioVersion = 16.0.29009.5
MinimumVisualStudioVersion = 10.0.40219.1
Project("{9A19103F-16F7-4668-BE54-9A1E7A4F7556}") = "CustomerManagementAPI", "src\CustomerManagementAPI\CustomerManagementAPI.csproj", "{D566D36D-8635-429B-9E22-6AB1509CB8CA}"
EndProject
Project("{9A19103F-16F7-4668-BE54-9A1E7A4F7556}") = "GQL.GraphQLCore", "src\GQL.GraphQLCore\GQL.GraphQLCore.csproj", "{88166FA9-E5D6-46E0-9680-A660A95226AE}"
EndProject
Project("{9A19103F-16F7-4668-BE54-9A1E7A4F7556}") = "GQL.GraphQLCore.Controllers", "src\GQL.GraphQLCore.Controllers\GQL.GraphQLCore.Controllers.csproj", "{AA554467-6673-4EDA-8066-179E5B25CEB7}"
EndProject
Project("{9A19103F-16F7-4668-BE54-9A1E7A4F7556}") = "GQL.Contracts", "src\GQL.Contracts\GQL.Contracts.csproj", "{D483DD84-7E44-436D-B847-B42BFEFCC95C}"
EndProject
Project("{9A19103F-16F7-4668-BE54-9A1E7A4F7556}") = "GQL.IdentityModelExtras", "src\GQL.IdentityModelExtras\GQL.IdentityModelExtras.csproj", "{9217921D-B313-4B5F-8B26-EB4CF5A53A42}"
EndProject
Project("{2150E333-8FDC-42A3-9474-1A3956D46DE8}") = "apis", "apis", "{2033E8C6-EE24-4D8C-BC01-D5CCF17D34C9}"
EndProject
Project("{2150E333-8FDC-42A3-9474-1A3956D46DE8}") = "hosts", "hosts", "{336D3FC0-1BF9-45D1-9DA2-09CAEE08FDC2}"
EndProject
Project("{9A19103F-16F7-4668-BE54-9A1E7A4F7556}") = "CustomerManagementAPI.Host", "src\CustomerManagementAPI.Host\CustomerManagementAPI.Host.csproj", "{E2F6AC24-339D-48A5-9C8B-C8E3A58AC27E}"
EndProject
Project("{9A19103F-16F7-4668-BE54-9A1E7A4F7556}") = "GQL.Rollup", "src\GQL.Rollup\GQL.Rollup.csproj", "{83BBAF51-4097-4F7D-A572-EFC92D3239B7}"
EndProject
Project("{9A19103F-16F7-4668-BE54-9A1E7A4F7556}") = "GQL.Utils", "src\GQL.Utils\GQL.Utils.csproj", "{75726072-1EF4-4413-83AD-05DB828404FA}"
EndProject
Project("{2150E333-8FDC-42A3-9474-1A3956D46DE8}") = "GraphQL.CORE", "GraphQL.CORE", "{86AAF0EA-94B9-45EC-A2DF-3A6F2BBA3BD5}"
EndProject
Project("{9A19103F-16F7-4668-BE54-9A1E7A4F7556}") = "GQL.MultiAuthority.AccessTokenValidation", "src\GQL.MultiAuthority.AccessTokenValidation\GQL.MultiAuthority.AccessTokenValidation.csproj", "{2C903D61-0FD8-46C8-BE28-0E0CBE765A40}"
EndProject
Project("{9A19103F-16F7-4668-BE54-9A1E7A4F7556}") = "AuthRequiredDemo.GraphQL", "src\AuthRequiredDemo.GraphQL\AuthRequiredDemo.GraphQL.csproj", "{7071F059-64A7-40FD-B4D9-6C4D55212710}"
EndProject
Project("{2150E333-8FDC-42A3-9474-1A3956D46DE8}") = "tests", "tests", "{6BB94A19-F5D7-4CEF-88A3-9E8610CB564A}"
EndProject
Project("{9A19103F-16F7-4668-BE54-9A1E7A4F7556}") = "GQL.GraphQLHost.Core", "src\GQL.GraphQLHost.Core\GQL.GraphQLHost.Core.csproj", "{1F4DFF12-10E3-4397-B686-EF383236BEC8}"
EndProject
Project("{9A19103F-16F7-4668-BE54-9A1E7A4F7556}") = "CustomerManagementStore", "src\CustomerManagementStore\CustomerManagementStore.csproj", "{DE4BBD5C-B068-40A0-8D20-421B71DB55DF}"
EndProject
Project("{9A19103F-16F7-4668-BE54-9A1E7A4F7556}") = "GQL.SimpleDocumentStore", "src\GQL.SimpleDocumentStore\GQL.SimpleDocumentStore.csproj", "{BE1EB26C-1FB9-459B-A93D-1488F779F9C2}"
EndProject
Project("{2150E333-8FDC-42A3-9474-1A3956D46DE8}") = "Solution", "Solution", "{6F21C22F-C1DB-4027-97A1-0CEFD7AF9CF9}"
	ProjectSection(SolutionItems) = preProject
		build.ps1 = build.ps1
		Dockerfile = Dockerfile
		nuget.config = nuget.config
	EndProjectSection
EndProject
Project("{9A19103F-16F7-4668-BE54-9A1E7A4F7556}") = "TestServerFixture", "src\TestServerFixture\TestServerFixture.csproj", "{F393D369-F9B7-4AD1-BE5F-2EDDB01E27D9}"
EndProject
Project("{9A19103F-16F7-4668-BE54-9A1E7A4F7556}") = "XUnitTest_CustomerManagementStore", "src\XUnitTest_CustomerManagementStore\XUnitTest_CustomerManagementStore.csproj", "{6069BCCE-159D-48F0-BC19-D39FF0874AEA}"
EndProject
Global
	GlobalSection(SolutionConfigurationPlatforms) = preSolution
		Debug|Any CPU = Debug|Any CPU
		Release|Any CPU = Release|Any CPU
	EndGlobalSection
	GlobalSection(ProjectConfigurationPlatforms) = postSolution
		{D566D36D-8635-429B-9E22-6AB1509CB8CA}.Debug|Any CPU.ActiveCfg = Debug|Any CPU
		{D566D36D-8635-429B-9E22-6AB1509CB8CA}.Debug|Any CPU.Build.0 = Debug|Any CPU
		{D566D36D-8635-429B-9E22-6AB1509CB8CA}.Release|Any CPU.ActiveCfg = Release|Any CPU
		{D566D36D-8635-429B-9E22-6AB1509CB8CA}.Release|Any CPU.Build.0 = Release|Any CPU
		{88166FA9-E5D6-46E0-9680-A660A95226AE}.Debug|Any CPU.ActiveCfg = Debug|Any CPU
		{88166FA9-E5D6-46E0-9680-A660A95226AE}.Debug|Any CPU.Build.0 = Debug|Any CPU
		{88166FA9-E5D6-46E0-9680-A660A95226AE}.Release|Any CPU.ActiveCfg = Release|Any CPU
		{88166FA9-E5D6-46E0-9680-A660A95226AE}.Release|Any CPU.Build.0 = Release|Any CPU
		{AA554467-6673-4EDA-8066-179E5B25CEB7}.Debug|Any CPU.ActiveCfg = Debug|Any CPU
		{AA554467-6673-4EDA-8066-179E5B25CEB7}.Debug|Any CPU.Build.0 = Debug|Any CPU
		{AA554467-6673-4EDA-8066-179E5B25CEB7}.Release|Any CPU.ActiveCfg = Release|Any CPU
		{AA554467-6673-4EDA-8066-179E5B25CEB7}.Release|Any CPU.Build.0 = Release|Any CPU
		{D483DD84-7E44-436D-B847-B42BFEFCC95C}.Debug|Any CPU.ActiveCfg = Debug|Any CPU
		{D483DD84-7E44-436D-B847-B42BFEFCC95C}.Debug|Any CPU.Build.0 = Debug|Any CPU
		{D483DD84-7E44-436D-B847-B42BFEFCC95C}.Release|Any CPU.ActiveCfg = Release|Any CPU
		{D483DD84-7E44-436D-B847-B42BFEFCC95C}.Release|Any CPU.Build.0 = Release|Any CPU
		{9217921D-B313-4B5F-8B26-EB4CF5A53A42}.Debug|Any CPU.ActiveCfg = Debug|Any CPU
		{9217921D-B313-4B5F-8B26-EB4CF5A53A42}.Debug|Any CPU.Build.0 = Debug|Any CPU
		{9217921D-B313-4B5F-8B26-EB4CF5A53A42}.Release|Any CPU.ActiveCfg = Release|Any CPU
		{9217921D-B313-4B5F-8B26-EB4CF5A53A42}.Release|Any CPU.Build.0 = Release|Any CPU
		{E2F6AC24-339D-48A5-9C8B-C8E3A58AC27E}.Debug|Any CPU.ActiveCfg = Debug|Any CPU
		{E2F6AC24-339D-48A5-9C8B-C8E3A58AC27E}.Debug|Any CPU.Build.0 = Debug|Any CPU
		{E2F6AC24-339D-48A5-9C8B-C8E3A58AC27E}.Release|Any CPU.ActiveCfg = Release|Any CPU
		{E2F6AC24-339D-48A5-9C8B-C8E3A58AC27E}.Release|Any CPU.Build.0 = Release|Any CPU
		{83BBAF51-4097-4F7D-A572-EFC92D3239B7}.Debug|Any CPU.ActiveCfg = Debug|Any CPU
		{83BBAF51-4097-4F7D-A572-EFC92D3239B7}.Debug|Any CPU.Build.0 = Debug|Any CPU
		{83BBAF51-4097-4F7D-A572-EFC92D3239B7}.Release|Any CPU.ActiveCfg = Release|Any CPU
		{83BBAF51-4097-4F7D-A572-EFC92D3239B7}.Release|Any CPU.Build.0 = Release|Any CPU
		{75726072-1EF4-4413-83AD-05DB828404FA}.Debug|Any CPU.ActiveCfg = Debug|Any CPU
		{75726072-1EF4-4413-83AD-05DB828404FA}.Debug|Any CPU.Build.0 = Debug|Any CPU
		{75726072-1EF4-4413-83AD-05DB828404FA}.Release|Any CPU.ActiveCfg = Release|Any CPU
		{75726072-1EF4-4413-83AD-05DB828404FA}.Release|Any CPU.Build.0 = Release|Any CPU
		{2C903D61-0FD8-46C8-BE28-0E0CBE765A40}.Debug|Any CPU.ActiveCfg = Debug|Any CPU
		{2C903D61-0FD8-46C8-BE28-0E0CBE765A40}.Debug|Any CPU.Build.0 = Debug|Any CPU
		{2C903D61-0FD8-46C8-BE28-0E0CBE765A40}.Release|Any CPU.ActiveCfg = Release|Any CPU
		{2C903D61-0FD8-46C8-BE28-0E0CBE765A40}.Release|Any CPU.Build.0 = Release|Any CPU
		{7071F059-64A7-40FD-B4D9-6C4D55212710}.Debug|Any CPU.ActiveCfg = Debug|Any CPU
		{7071F059-64A7-40FD-B4D9-6C4D55212710}.Debug|Any CPU.Build.0 = Debug|Any CPU
		{7071F059-64A7-40FD-B4D9-6C4D55212710}.Release|Any CPU.ActiveCfg = Release|Any CPU
		{7071F059-64A7-40FD-B4D9-6C4D55212710}.Release|Any CPU.Build.0 = Release|Any CPU
		{1F4DFF12-10E3-4397-B686-EF383236BEC8}.Debug|Any CPU.ActiveCfg = Debug|Any CPU
		{1F4DFF12-10E3-4397-B686-EF383236BEC8}.Debug|Any CPU.Build.0 = Debug|Any CPU
		{1F4DFF12-10E3-4397-B686-EF383236BEC8}.Release|Any CPU.ActiveCfg = Release|Any CPU
		{1F4DFF12-10E3-4397-B686-EF383236BEC8}.Release|Any CPU.Build.0 = Release|Any CPU
		{DE4BBD5C-B068-40A0-8D20-421B71DB55DF}.Debug|Any CPU.ActiveCfg = Debug|Any CPU
		{DE4BBD5C-B068-40A0-8D20-421B71DB55DF}.Debug|Any CPU.Build.0 = Debug|Any CPU
		{DE4BBD5C-B068-40A0-8D20-421B71DB55DF}.Release|Any CPU.ActiveCfg = Release|Any CPU
		{DE4BBD5C-B068-40A0-8D20-421B71DB55DF}.Release|Any CPU.Build.0 = Release|Any CPU
		{BE1EB26C-1FB9-459B-A93D-1488F779F9C2}.Debug|Any CPU.ActiveCfg = Debug|Any CPU
		{BE1EB26C-1FB9-459B-A93D-1488F779F9C2}.Debug|Any CPU.Build.0 = Debug|Any CPU
		{BE1EB26C-1FB9-459B-A93D-1488F779F9C2}.Release|Any CPU.ActiveCfg = Release|Any CPU
		{BE1EB26C-1FB9-459B-A93D-1488F779F9C2}.Release|Any CPU.Build.0 = Release|Any CPU
		{F393D369-F9B7-4AD1-BE5F-2EDDB01E27D9}.Debug|Any CPU.ActiveCfg = Debug|Any CPU
		{F393D369-F9B7-4AD1-BE5F-2EDDB01E27D9}.Debug|Any CPU.Build.0 = Debug|Any CPU
		{F393D369-F9B7-4AD1-BE5F-2EDDB01E27D9}.Release|Any CPU.ActiveCfg = Release|Any CPU
		{F393D369-F9B7-4AD1-BE5F-2EDDB01E27D9}.Release|Any CPU.Build.0 = Release|Any CPU
		{6069BCCE-159D-48F0-BC19-D39FF0874AEA}.Debug|Any CPU.ActiveCfg = Debug|Any CPU
		{6069BCCE-159D-48F0-BC19-D39FF0874AEA}.Debug|Any CPU.Build.0 = Debug|Any CPU
		{6069BCCE-159D-48F0-BC19-D39FF0874AEA}.Release|Any CPU.ActiveCfg = Release|Any CPU
		{6069BCCE-159D-48F0-BC19-D39FF0874AEA}.Release|Any CPU.Build.0 = Release|Any CPU
	EndGlobalSection
	GlobalSection(SolutionProperties) = preSolution
		HideSolutionNode = FALSE
	EndGlobalSection
	GlobalSection(NestedProjects) = preSolution
		{D566D36D-8635-429B-9E22-6AB1509CB8CA} = {2033E8C6-EE24-4D8C-BC01-D5CCF17D34C9}
		{88166FA9-E5D6-46E0-9680-A660A95226AE} = {86AAF0EA-94B9-45EC-A2DF-3A6F2BBA3BD5}
		{AA554467-6673-4EDA-8066-179E5B25CEB7} = {86AAF0EA-94B9-45EC-A2DF-3A6F2BBA3BD5}
		{D483DD84-7E44-436D-B847-B42BFEFCC95C} = {86AAF0EA-94B9-45EC-A2DF-3A6F2BBA3BD5}
		{9217921D-B313-4B5F-8B26-EB4CF5A53A42} = {86AAF0EA-94B9-45EC-A2DF-3A6F2BBA3BD5}
		{E2F6AC24-339D-48A5-9C8B-C8E3A58AC27E} = {336D3FC0-1BF9-45D1-9DA2-09CAEE08FDC2}
		{83BBAF51-4097-4F7D-A572-EFC92D3239B7} = {86AAF0EA-94B9-45EC-A2DF-3A6F2BBA3BD5}
		{75726072-1EF4-4413-83AD-05DB828404FA} = {86AAF0EA-94B9-45EC-A2DF-3A6F2BBA3BD5}
		{2C903D61-0FD8-46C8-BE28-0E0CBE765A40} = {86AAF0EA-94B9-45EC-A2DF-3A6F2BBA3BD5}
		{7071F059-64A7-40FD-B4D9-6C4D55212710} = {2033E8C6-EE24-4D8C-BC01-D5CCF17D34C9}
		{1F4DFF12-10E3-4397-B686-EF383236BEC8} = {86AAF0EA-94B9-45EC-A2DF-3A6F2BBA3BD5}
		{DE4BBD5C-B068-40A0-8D20-421B71DB55DF} = {2033E8C6-EE24-4D8C-BC01-D5CCF17D34C9}
		{BE1EB26C-1FB9-459B-A93D-1488F779F9C2} = {2033E8C6-EE24-4D8C-BC01-D5CCF17D34C9}
		{F393D369-F9B7-4AD1-BE5F-2EDDB01E27D9} = {6BB94A19-F5D7-4CEF-88A3-9E8610CB564A}
		{6069BCCE-159D-48F0-BC19-D39FF0874AEA} = {6BB94A19-F5D7-4CEF-88A3-9E8610CB564A}
	EndGlobalSection
	GlobalSection(ExtensibilityGlobals) = postSolution
		SolutionGuid = {40CA8DF3-11D5-48E1-9D3D-DE4FF71A97B4}
	EndGlobalSection
EndGlobal
